// !$*UTF8*$!
{
	archiveVersion = 1;
	classes = {
	};
	objectVersion = 50;
	objects = {

/* Begin PBXBuildFile section */
		09AE3670E4AB26D539BC6072 /* Pods_Staging.framework in Frameworks */ = {isa = PBXBuildFile; fileRef = E9BC75B769C5773AA65EE1CF /* Pods_Staging.framework */; };
		5F66AFEAC98CAAEB9ACA8F5F /* Pods_Develop.framework in Frameworks */ = {isa = PBXBuildFile; fileRef = AA113589E48F7B82D6A78DBA /* Pods_Develop.framework */; };
		951EFA03216C3964004A8C67 /* AppDelegate.swift in Sources */ = {isa = PBXBuildFile; fileRef = 951EFA02216C3964004A8C67 /* AppDelegate.swift */; };
		951EFA0A216C3966004A8C67 /* Assets.xcassets in Resources */ = {isa = PBXBuildFile; fileRef = 951EFA09216C3966004A8C67 /* Assets.xcassets */; };
		951EFA0D216C3966004A8C67 /* LaunchScreen.storyboard in Resources */ = {isa = PBXBuildFile; fileRef = 951EFA0B216C3966004A8C67 /* LaunchScreen.storyboard */; };
		951EFA16216C39AA004A8C67 /* AppDelegate.swift in Sources */ = {isa = PBXBuildFile; fileRef = 951EFA02216C3964004A8C67 /* AppDelegate.swift */; };
		951EFA19216C39AA004A8C67 /* LaunchScreen.storyboard in Resources */ = {isa = PBXBuildFile; fileRef = 951EFA0B216C3966004A8C67 /* LaunchScreen.storyboard */; };
		951EFA1A216C39AA004A8C67 /* Assets.xcassets in Resources */ = {isa = PBXBuildFile; fileRef = 951EFA09216C3966004A8C67 /* Assets.xcassets */; };
		951EFA22216C39B1004A8C67 /* AppDelegate.swift in Sources */ = {isa = PBXBuildFile; fileRef = 951EFA02216C3964004A8C67 /* AppDelegate.swift */; };
		951EFA25216C39B1004A8C67 /* LaunchScreen.storyboard in Resources */ = {isa = PBXBuildFile; fileRef = 951EFA0B216C3966004A8C67 /* LaunchScreen.storyboard */; };
		951EFA26216C39B1004A8C67 /* Assets.xcassets in Resources */ = {isa = PBXBuildFile; fileRef = 951EFA09216C3966004A8C67 /* Assets.xcassets */; };
		951EFA45216C3C80004A8C67 /* Localizable.strings in Resources */ = {isa = PBXBuildFile; fileRef = 951EFA49216C3C80004A8C67 /* Localizable.strings */; };
		951EFA46216C3C80004A8C67 /* Localizable.strings in Resources */ = {isa = PBXBuildFile; fileRef = 951EFA49216C3C80004A8C67 /* Localizable.strings */; };
		951EFA47216C3C80004A8C67 /* Localizable.strings in Resources */ = {isa = PBXBuildFile; fileRef = 951EFA49216C3C80004A8C67 /* Localizable.strings */; };
		951EFA4B216C4564004A8C67 /* Font.swift in Sources */ = {isa = PBXBuildFile; fileRef = 951EFA4A216C4564004A8C67 /* Font.swift */; };
		951EFA4C216C4564004A8C67 /* Font.swift in Sources */ = {isa = PBXBuildFile; fileRef = 951EFA4A216C4564004A8C67 /* Font.swift */; };
		951EFA4D216C4564004A8C67 /* Font.swift in Sources */ = {isa = PBXBuildFile; fileRef = 951EFA4A216C4564004A8C67 /* Font.swift */; };
		951EFA4F216C4583004A8C67 /* Sounds.swift in Sources */ = {isa = PBXBuildFile; fileRef = 951EFA4E216C4583004A8C67 /* Sounds.swift */; };
		951EFA50216C4583004A8C67 /* Sounds.swift in Sources */ = {isa = PBXBuildFile; fileRef = 951EFA4E216C4583004A8C67 /* Sounds.swift */; };
		951EFA51216C4583004A8C67 /* Sounds.swift in Sources */ = {isa = PBXBuildFile; fileRef = 951EFA4E216C4583004A8C67 /* Sounds.swift */; };
		951EFA58216C45D6004A8C67 /* NetworkConnectivity.swift in Sources */ = {isa = PBXBuildFile; fileRef = 951EFA57216C45D6004A8C67 /* NetworkConnectivity.swift */; };
		951EFA59216C45D6004A8C67 /* NetworkConnectivity.swift in Sources */ = {isa = PBXBuildFile; fileRef = 951EFA57216C45D6004A8C67 /* NetworkConnectivity.swift */; };
		951EFA5A216C45D6004A8C67 /* NetworkConnectivity.swift in Sources */ = {isa = PBXBuildFile; fileRef = 951EFA57216C45D6004A8C67 /* NetworkConnectivity.swift */; };
		951EFA5D216C45DB004A8C67 /* OperationTask.swift in Sources */ = {isa = PBXBuildFile; fileRef = 951EFA5B216C45DB004A8C67 /* OperationTask.swift */; };
		951EFA5E216C45DB004A8C67 /* OperationTask.swift in Sources */ = {isa = PBXBuildFile; fileRef = 951EFA5B216C45DB004A8C67 /* OperationTask.swift */; };
		951EFA5F216C45DB004A8C67 /* OperationTask.swift in Sources */ = {isa = PBXBuildFile; fileRef = 951EFA5B216C45DB004A8C67 /* OperationTask.swift */; };
		951EFA60216C45DB004A8C67 /* OperationProtocol.swift in Sources */ = {isa = PBXBuildFile; fileRef = 951EFA5C216C45DB004A8C67 /* OperationProtocol.swift */; };
		951EFA61216C45DB004A8C67 /* OperationProtocol.swift in Sources */ = {isa = PBXBuildFile; fileRef = 951EFA5C216C45DB004A8C67 /* OperationProtocol.swift */; };
		951EFA62216C45DB004A8C67 /* OperationProtocol.swift in Sources */ = {isa = PBXBuildFile; fileRef = 951EFA5C216C45DB004A8C67 /* OperationProtocol.swift */; };
		951EFA65216C45E1004A8C67 /* DispatcherProtocol.swift in Sources */ = {isa = PBXBuildFile; fileRef = 951EFA63216C45E1004A8C67 /* DispatcherProtocol.swift */; };
		951EFA66216C45E1004A8C67 /* DispatcherProtocol.swift in Sources */ = {isa = PBXBuildFile; fileRef = 951EFA63216C45E1004A8C67 /* DispatcherProtocol.swift */; };
		951EFA67216C45E1004A8C67 /* DispatcherProtocol.swift in Sources */ = {isa = PBXBuildFile; fileRef = 951EFA63216C45E1004A8C67 /* DispatcherProtocol.swift */; };
		951EFA68216C45E1004A8C67 /* NetworkDispatcher.swift in Sources */ = {isa = PBXBuildFile; fileRef = 951EFA64216C45E1004A8C67 /* NetworkDispatcher.swift */; };
		951EFA69216C45E1004A8C67 /* NetworkDispatcher.swift in Sources */ = {isa = PBXBuildFile; fileRef = 951EFA64216C45E1004A8C67 /* NetworkDispatcher.swift */; };
		951EFA6A216C45E1004A8C67 /* NetworkDispatcher.swift in Sources */ = {isa = PBXBuildFile; fileRef = 951EFA64216C45E1004A8C67 /* NetworkDispatcher.swift */; };
		951EFA6C216C45E7004A8C67 /* NetworkEnviroment.swift in Sources */ = {isa = PBXBuildFile; fileRef = 951EFA6B216C45E7004A8C67 /* NetworkEnviroment.swift */; };
		951EFA6D216C45E7004A8C67 /* NetworkEnviroment.swift in Sources */ = {isa = PBXBuildFile; fileRef = 951EFA6B216C45E7004A8C67 /* NetworkEnviroment.swift */; };
		951EFA6E216C45E7004A8C67 /* NetworkEnviroment.swift in Sources */ = {isa = PBXBuildFile; fileRef = 951EFA6B216C45E7004A8C67 /* NetworkEnviroment.swift */; };
		951EFA74216C45F9004A8C67 /* APIServiceResponse.swift in Sources */ = {isa = PBXBuildFile; fileRef = 951EFA6F216C45F8004A8C67 /* APIServiceResponse.swift */; };
		951EFA75216C45F9004A8C67 /* APIServiceResponse.swift in Sources */ = {isa = PBXBuildFile; fileRef = 951EFA6F216C45F8004A8C67 /* APIServiceResponse.swift */; };
		951EFA76216C45F9004A8C67 /* APIServiceResponse.swift in Sources */ = {isa = PBXBuildFile; fileRef = 951EFA6F216C45F8004A8C67 /* APIServiceResponse.swift */; };
		951EFA77216C45F9004A8C67 /* APIConstants.swift in Sources */ = {isa = PBXBuildFile; fileRef = 951EFA70216C45F8004A8C67 /* APIConstants.swift */; };
		951EFA78216C45F9004A8C67 /* APIConstants.swift in Sources */ = {isa = PBXBuildFile; fileRef = 951EFA70216C45F8004A8C67 /* APIConstants.swift */; };
		951EFA79216C45F9004A8C67 /* APIConstants.swift in Sources */ = {isa = PBXBuildFile; fileRef = 951EFA70216C45F8004A8C67 /* APIConstants.swift */; };
		951EFA7A216C45F9004A8C67 /* APIServiceError.swift in Sources */ = {isa = PBXBuildFile; fileRef = 951EFA71216C45F8004A8C67 /* APIServiceError.swift */; };
		951EFA7B216C45F9004A8C67 /* APIServiceError.swift in Sources */ = {isa = PBXBuildFile; fileRef = 951EFA71216C45F8004A8C67 /* APIServiceError.swift */; };
		951EFA7C216C45F9004A8C67 /* APIServiceError.swift in Sources */ = {isa = PBXBuildFile; fileRef = 951EFA71216C45F8004A8C67 /* APIServiceError.swift */; };
		951EFA7D216C45F9004A8C67 /* APIServiceGeneral.swift in Sources */ = {isa = PBXBuildFile; fileRef = 951EFA72216C45F9004A8C67 /* APIServiceGeneral.swift */; };
		951EFA7E216C45F9004A8C67 /* APIServiceGeneral.swift in Sources */ = {isa = PBXBuildFile; fileRef = 951EFA72216C45F9004A8C67 /* APIServiceGeneral.swift */; };
		951EFA7F216C45F9004A8C67 /* APIServiceGeneral.swift in Sources */ = {isa = PBXBuildFile; fileRef = 951EFA72216C45F9004A8C67 /* APIServiceGeneral.swift */; };
		951EFA80216C45F9004A8C67 /* APIServiceRequest.swift in Sources */ = {isa = PBXBuildFile; fileRef = 951EFA73216C45F9004A8C67 /* APIServiceRequest.swift */; };
		951EFA81216C45F9004A8C67 /* APIServiceRequest.swift in Sources */ = {isa = PBXBuildFile; fileRef = 951EFA73216C45F9004A8C67 /* APIServiceRequest.swift */; };
		951EFA82216C45F9004A8C67 /* APIServiceRequest.swift in Sources */ = {isa = PBXBuildFile; fileRef = 951EFA73216C45F9004A8C67 /* APIServiceRequest.swift */; };
		951EFA84216C4622004A8C67 /* ErrorExtension.swift in Sources */ = {isa = PBXBuildFile; fileRef = 951EFA83216C4621004A8C67 /* ErrorExtension.swift */; };
		951EFA85216C4622004A8C67 /* ErrorExtension.swift in Sources */ = {isa = PBXBuildFile; fileRef = 951EFA83216C4621004A8C67 /* ErrorExtension.swift */; };
		951EFA86216C4622004A8C67 /* ErrorExtension.swift in Sources */ = {isa = PBXBuildFile; fileRef = 951EFA83216C4621004A8C67 /* ErrorExtension.swift */; };
		951EFA88216C4627004A8C67 /* NetworkIndicator.swift in Sources */ = {isa = PBXBuildFile; fileRef = 951EFA87216C4626004A8C67 /* NetworkIndicator.swift */; };
		951EFA89216C4627004A8C67 /* NetworkIndicator.swift in Sources */ = {isa = PBXBuildFile; fileRef = 951EFA87216C4626004A8C67 /* NetworkIndicator.swift */; };
		951EFA8A216C4627004A8C67 /* NetworkIndicator.swift in Sources */ = {isa = PBXBuildFile; fileRef = 951EFA87216C4626004A8C67 /* NetworkIndicator.swift */; };
		951EFA90216C4D9D004A8C67 /* BaseAPIResponse.swift in Sources */ = {isa = PBXBuildFile; fileRef = 951EFA8F216C4D9D004A8C67 /* BaseAPIResponse.swift */; };
		951EFA91216C4D9D004A8C67 /* BaseAPIResponse.swift in Sources */ = {isa = PBXBuildFile; fileRef = 951EFA8F216C4D9D004A8C67 /* BaseAPIResponse.swift */; };
		951EFA92216C4D9D004A8C67 /* BaseAPIResponse.swift in Sources */ = {isa = PBXBuildFile; fileRef = 951EFA8F216C4D9D004A8C67 /* BaseAPIResponse.swift */; };
		951EFA95216C4DBE004A8C67 /* LoginAPI.swift in Sources */ = {isa = PBXBuildFile; fileRef = 951EFA94216C4DBE004A8C67 /* LoginAPI.swift */; };
		951EFA96216C4DBE004A8C67 /* LoginAPI.swift in Sources */ = {isa = PBXBuildFile; fileRef = 951EFA94216C4DBE004A8C67 /* LoginAPI.swift */; };
		951EFA97216C4DBE004A8C67 /* LoginAPI.swift in Sources */ = {isa = PBXBuildFile; fileRef = 951EFA94216C4DBE004A8C67 /* LoginAPI.swift */; };
		951EFA99216C4DCD004A8C67 /* AuthRequest.swift in Sources */ = {isa = PBXBuildFile; fileRef = 951EFA98216C4DCD004A8C67 /* AuthRequest.swift */; };
		951EFA9A216C4DCD004A8C67 /* AuthRequest.swift in Sources */ = {isa = PBXBuildFile; fileRef = 951EFA98216C4DCD004A8C67 /* AuthRequest.swift */; };
		951EFA9B216C4DCD004A8C67 /* AuthRequest.swift in Sources */ = {isa = PBXBuildFile; fileRef = 951EFA98216C4DCD004A8C67 /* AuthRequest.swift */; };
		C2174E4A148D02288F75E308 /* Pods_AppStore.framework in Frameworks */ = {isa = PBXBuildFile; fileRef = 45EA460FF6FD3BA24DE7D361 /* Pods_AppStore.framework */; };
/* End PBXBuildFile section */

/* Begin PBXFileReference section */
		45EA460FF6FD3BA24DE7D361 /* Pods_AppStore.framework */ = {isa = PBXFileReference; explicitFileType = wrapper.framework; includeInIndex = 0; path = Pods_AppStore.framework; sourceTree = BUILT_PRODUCTS_DIR; };
		79588686E7875D127238EE7E /* Pods-AppStore.debug.xcconfig */ = {isa = PBXFileReference; includeInIndex = 1; lastKnownFileType = text.xcconfig; name = "Pods-AppStore.debug.xcconfig"; path = "Pods/Target Support Files/Pods-AppStore/Pods-AppStore.debug.xcconfig"; sourceTree = "<group>"; };
		8DE8DA6B52F0B79AF0F019D4 /* Pods-AppStore.release.xcconfig */ = {isa = PBXFileReference; includeInIndex = 1; lastKnownFileType = text.xcconfig; name = "Pods-AppStore.release.xcconfig"; path = "Pods/Target Support Files/Pods-AppStore/Pods-AppStore.release.xcconfig"; sourceTree = "<group>"; };
		901CB5885F970C5339DEC2C1 /* Pods-Develop.release.xcconfig */ = {isa = PBXFileReference; includeInIndex = 1; lastKnownFileType = text.xcconfig; name = "Pods-Develop.release.xcconfig"; path = "Pods/Target Support Files/Pods-Develop/Pods-Develop.release.xcconfig"; sourceTree = "<group>"; };
		92BD6EFB5B4E811B851BF97A /* Pods-Staging.debug.xcconfig */ = {isa = PBXFileReference; includeInIndex = 1; lastKnownFileType = text.xcconfig; name = "Pods-Staging.debug.xcconfig"; path = "Pods/Target Support Files/Pods-Staging/Pods-Staging.debug.xcconfig"; sourceTree = "<group>"; };
		951EF9FF216C3964004A8C67 /* Develop.app */ = {isa = PBXFileReference; explicitFileType = wrapper.application; includeInIndex = 0; path = Develop.app; sourceTree = BUILT_PRODUCTS_DIR; };
		951EFA02216C3964004A8C67 /* AppDelegate.swift */ = {isa = PBXFileReference; lastKnownFileType = sourcecode.swift; path = AppDelegate.swift; sourceTree = "<group>"; };
		951EFA09216C3966004A8C67 /* Assets.xcassets */ = {isa = PBXFileReference; lastKnownFileType = folder.assetcatalog; path = Assets.xcassets; sourceTree = "<group>"; };
		951EFA0C216C3966004A8C67 /* Base */ = {isa = PBXFileReference; lastKnownFileType = file.storyboard; name = Base; path = Base.lproj/LaunchScreen.storyboard; sourceTree = "<group>"; };
		951EFA0E216C3966004A8C67 /* Info.plist */ = {isa = PBXFileReference; lastKnownFileType = text.plist.xml; path = Info.plist; sourceTree = "<group>"; };
		951EFA1E216C39AA004A8C67 /* Staging.app */ = {isa = PBXFileReference; explicitFileType = wrapper.application; includeInIndex = 0; path = Staging.app; sourceTree = BUILT_PRODUCTS_DIR; };
		951EFA2A216C39B1004A8C67 /* AppStore.app */ = {isa = PBXFileReference; explicitFileType = wrapper.application; includeInIndex = 0; path = AppStore.app; sourceTree = BUILT_PRODUCTS_DIR; };
		951EFA3B216C3BF9004A8C67 /* Bridging-Header.h */ = {isa = PBXFileReference; lastKnownFileType = sourcecode.c.h; path = "Bridging-Header.h"; sourceTree = "<group>"; };
		951EFA48216C3C80004A8C67 /* en */ = {isa = PBXFileReference; lastKnownFileType = text.plist.strings; name = en; path = en.lproj/Localizable.strings; sourceTree = "<group>"; };
		951EFA4A216C4564004A8C67 /* Font.swift */ = {isa = PBXFileReference; lastKnownFileType = sourcecode.swift; path = Font.swift; sourceTree = "<group>"; };
		951EFA4E216C4583004A8C67 /* Sounds.swift */ = {isa = PBXFileReference; lastKnownFileType = sourcecode.swift; path = Sounds.swift; sourceTree = "<group>"; };
		951EFA57216C45D6004A8C67 /* NetworkConnectivity.swift */ = {isa = PBXFileReference; fileEncoding = 4; lastKnownFileType = sourcecode.swift; path = NetworkConnectivity.swift; sourceTree = "<group>"; };
		951EFA5B216C45DB004A8C67 /* OperationTask.swift */ = {isa = PBXFileReference; fileEncoding = 4; lastKnownFileType = sourcecode.swift; path = OperationTask.swift; sourceTree = "<group>"; };
		951EFA5C216C45DB004A8C67 /* OperationProtocol.swift */ = {isa = PBXFileReference; fileEncoding = 4; lastKnownFileType = sourcecode.swift; path = OperationProtocol.swift; sourceTree = "<group>"; };
		951EFA63216C45E1004A8C67 /* DispatcherProtocol.swift */ = {isa = PBXFileReference; fileEncoding = 4; lastKnownFileType = sourcecode.swift; path = DispatcherProtocol.swift; sourceTree = "<group>"; };
		951EFA64216C45E1004A8C67 /* NetworkDispatcher.swift */ = {isa = PBXFileReference; fileEncoding = 4; lastKnownFileType = sourcecode.swift; path = NetworkDispatcher.swift; sourceTree = "<group>"; };
		951EFA6B216C45E7004A8C67 /* NetworkEnviroment.swift */ = {isa = PBXFileReference; fileEncoding = 4; lastKnownFileType = sourcecode.swift; path = NetworkEnviroment.swift; sourceTree = "<group>"; };
		951EFA6F216C45F8004A8C67 /* APIServiceResponse.swift */ = {isa = PBXFileReference; fileEncoding = 4; lastKnownFileType = sourcecode.swift; path = APIServiceResponse.swift; sourceTree = "<group>"; };
		951EFA70216C45F8004A8C67 /* APIConstants.swift */ = {isa = PBXFileReference; fileEncoding = 4; lastKnownFileType = sourcecode.swift; path = APIConstants.swift; sourceTree = "<group>"; };
		951EFA71216C45F8004A8C67 /* APIServiceError.swift */ = {isa = PBXFileReference; fileEncoding = 4; lastKnownFileType = sourcecode.swift; path = APIServiceError.swift; sourceTree = "<group>"; };
		951EFA72216C45F9004A8C67 /* APIServiceGeneral.swift */ = {isa = PBXFileReference; fileEncoding = 4; lastKnownFileType = sourcecode.swift; path = APIServiceGeneral.swift; sourceTree = "<group>"; };
		951EFA73216C45F9004A8C67 /* APIServiceRequest.swift */ = {isa = PBXFileReference; fileEncoding = 4; lastKnownFileType = sourcecode.swift; path = APIServiceRequest.swift; sourceTree = "<group>"; };
		951EFA83216C4621004A8C67 /* ErrorExtension.swift */ = {isa = PBXFileReference; fileEncoding = 4; lastKnownFileType = sourcecode.swift; path = ErrorExtension.swift; sourceTree = "<group>"; };
		951EFA87216C4626004A8C67 /* NetworkIndicator.swift */ = {isa = PBXFileReference; fileEncoding = 4; lastKnownFileType = sourcecode.swift; path = NetworkIndicator.swift; sourceTree = "<group>"; };
		951EFA8F216C4D9D004A8C67 /* BaseAPIResponse.swift */ = {isa = PBXFileReference; fileEncoding = 4; lastKnownFileType = sourcecode.swift; path = BaseAPIResponse.swift; sourceTree = "<group>"; };
		951EFA94216C4DBE004A8C67 /* LoginAPI.swift */ = {isa = PBXFileReference; lastKnownFileType = sourcecode.swift; path = LoginAPI.swift; sourceTree = "<group>"; };
		951EFA98216C4DCD004A8C67 /* AuthRequest.swift */ = {isa = PBXFileReference; lastKnownFileType = sourcecode.swift; path = AuthRequest.swift; sourceTree = "<group>"; };
		AA113589E48F7B82D6A78DBA /* Pods_Develop.framework */ = {isa = PBXFileReference; explicitFileType = wrapper.framework; includeInIndex = 0; path = Pods_Develop.framework; sourceTree = BUILT_PRODUCTS_DIR; };
		C58CD037A5D7DA141F3522F1 /* Pods-Staging.release.xcconfig */ = {isa = PBXFileReference; includeInIndex = 1; lastKnownFileType = text.xcconfig; name = "Pods-Staging.release.xcconfig"; path = "Pods/Target Support Files/Pods-Staging/Pods-Staging.release.xcconfig"; sourceTree = "<group>"; };
		E9BC75B769C5773AA65EE1CF /* Pods_Staging.framework */ = {isa = PBXFileReference; explicitFileType = wrapper.framework; includeInIndex = 0; path = Pods_Staging.framework; sourceTree = BUILT_PRODUCTS_DIR; };
		EF03BF3918394084C759A0D6 /* Pods-Develop.debug.xcconfig */ = {isa = PBXFileReference; includeInIndex = 1; lastKnownFileType = text.xcconfig; name = "Pods-Develop.debug.xcconfig"; path = "Pods/Target Support Files/Pods-Develop/Pods-Develop.debug.xcconfig"; sourceTree = "<group>"; };
/* End PBXFileReference section */

/* Begin PBXFrameworksBuildPhase section */
		951EF9FC216C3964004A8C67 /* Frameworks */ = {
			isa = PBXFrameworksBuildPhase;
			buildActionMask = 2147483647;
			files = (
				5F66AFEAC98CAAEB9ACA8F5F /* Pods_Develop.framework in Frameworks */,
			);
			runOnlyForDeploymentPostprocessing = 0;
		};
		951EFA17216C39AA004A8C67 /* Frameworks */ = {
			isa = PBXFrameworksBuildPhase;
			buildActionMask = 2147483647;
			files = (
				09AE3670E4AB26D539BC6072 /* Pods_Staging.framework in Frameworks */,
			);
			runOnlyForDeploymentPostprocessing = 0;
		};
		951EFA23216C39B1004A8C67 /* Frameworks */ = {
			isa = PBXFrameworksBuildPhase;
			buildActionMask = 2147483647;
			files = (
				C2174E4A148D02288F75E308 /* Pods_AppStore.framework in Frameworks */,
			);
			runOnlyForDeploymentPostprocessing = 0;
		};
/* End PBXFrameworksBuildPhase section */

/* Begin PBXGroup section */
		4140E4AAD5371D0D9A664C9B /* Pods */ = {
			isa = PBXGroup;
			children = (
				79588686E7875D127238EE7E /* Pods-AppStore.debug.xcconfig */,
				8DE8DA6B52F0B79AF0F019D4 /* Pods-AppStore.release.xcconfig */,
				EF03BF3918394084C759A0D6 /* Pods-Develop.debug.xcconfig */,
				901CB5885F970C5339DEC2C1 /* Pods-Develop.release.xcconfig */,
				92BD6EFB5B4E811B851BF97A /* Pods-Staging.debug.xcconfig */,
				C58CD037A5D7DA141F3522F1 /* Pods-Staging.release.xcconfig */,
			);
			name = Pods;
			sourceTree = "<group>";
		};
		6BE112EBA61774A0734EE6F5 /* Frameworks */ = {
			isa = PBXGroup;
			children = (
				45EA460FF6FD3BA24DE7D361 /* Pods_AppStore.framework */,
				AA113589E48F7B82D6A78DBA /* Pods_Develop.framework */,
				E9BC75B769C5773AA65EE1CF /* Pods_Staging.framework */,
			);
			name = Frameworks;
			sourceTree = "<group>";
		};
		951EF9F6216C3964004A8C67 = {
			isa = PBXGroup;
			children = (
				951EFA01216C3964004A8C67 /* iOS Structure MVC */,
				951EFA00216C3964004A8C67 /* Products */,
				4140E4AAD5371D0D9A664C9B /* Pods */,
				6BE112EBA61774A0734EE6F5 /* Frameworks */,
			);
			sourceTree = "<group>";
		};
		951EFA00216C3964004A8C67 /* Products */ = {
			isa = PBXGroup;
			children = (
				951EF9FF216C3964004A8C67 /* Develop.app */,
				951EFA1E216C39AA004A8C67 /* Staging.app */,
				951EFA2A216C39B1004A8C67 /* AppStore.app */,
			);
			name = Products;
			sourceTree = "<group>";
		};
		951EFA01216C3964004A8C67 /* iOS Structure MVC */ = {
			isa = PBXGroup;
			children = (
				951EFA38216C3BDD004A8C67 /* Application */,
				951EFA33216C3BB7004A8C67 /* Service */,
				951EFA32216C3BB2004A8C67 /* Models */,
				951EFA31216C3BAB004A8C67 /* Controllers */,
				951EFA30216C3BA7004A8C67 /* Views */,
				951EFA2F216C3BA3004A8C67 /* API */,
				951EFA2E216C3B9E004A8C67 /* Network */,
				951EFA2D216C3B93004A8C67 /* Resources */,
			);
			path = "iOS Structure MVC";
			sourceTree = "<group>";
		};
		951EFA2D216C3B93004A8C67 /* Resources */ = {
			isa = PBXGroup;
			children = (
				951EFA37216C3BD2004A8C67 /* Assets */,
				951EFA36216C3BCD004A8C67 /* Sounds */,
				951EFA35216C3BC7004A8C67 /* Fonts */,
				951EFA34216C3BC3004A8C67 /* Strings */,
			);
			path = Resources;
			sourceTree = "<group>";
		};
		951EFA2E216C3B9E004A8C67 /* Network */ = {
			isa = PBXGroup;
			children = (
				951EFA56216C45C6004A8C67 /* Config */,
				951EFA55216C45C1004A8C67 /* Enviroment */,
				951EFA54216C45BC004A8C67 /* Dispatcher */,
				951EFA53216C45B5004A8C67 /* Operation */,
				951EFA52216C45A3004A8C67 /* Support */,
			);
			path = Network;
			sourceTree = "<group>";
		};
		951EFA2F216C3BA3004A8C67 /* API */ = {
			isa = PBXGroup;
			children = (
				951EFA8E216C4D96004A8C67 /* Base */,
				951EFA8D216C4D5D004A8C67 /* List */,
				951EFA8C216C4D55004A8C67 /* Requests */,
			);
			path = API;
			sourceTree = "<group>";
		};
		951EFA30216C3BA7004A8C67 /* Views */ = {
			isa = PBXGroup;
			children = (
			);
			path = Views;
			sourceTree = "<group>";
		};
		951EFA31216C3BAB004A8C67 /* Controllers */ = {
			isa = PBXGroup;
			children = (
			);
			path = Controllers;
			sourceTree = "<group>";
		};
		951EFA32216C3BB2004A8C67 /* Models */ = {
			isa = PBXGroup;
			children = (
			);
			path = Models;
			sourceTree = "<group>";
		};
		951EFA33216C3BB7004A8C67 /* Service */ = {
			isa = PBXGroup;
			children = (
			);
			path = Service;
			sourceTree = "<group>";
		};
		951EFA34216C3BC3004A8C67 /* Strings */ = {
			isa = PBXGroup;
			children = (
				951EFA49216C3C80004A8C67 /* Localizable.strings */,
			);
			path = Strings;
			sourceTree = "<group>";
		};
		951EFA35216C3BC7004A8C67 /* Fonts */ = {
			isa = PBXGroup;
			children = (
				951EFA4A216C4564004A8C67 /* Font.swift */,
			);
			path = Fonts;
			sourceTree = "<group>";
		};
		951EFA36216C3BCD004A8C67 /* Sounds */ = {
			isa = PBXGroup;
			children = (
				951EFA4E216C4583004A8C67 /* Sounds.swift */,
			);
			path = Sounds;
			sourceTree = "<group>";
		};
		951EFA37216C3BD2004A8C67 /* Assets */ = {
			isa = PBXGroup;
			children = (
				951EFA09216C3966004A8C67 /* Assets.xcassets */,
			);
			path = Assets;
			sourceTree = "<group>";
		};
		951EFA38216C3BDD004A8C67 /* Application */ = {
			isa = PBXGroup;
			children = (
				951EFA02216C3964004A8C67 /* AppDelegate.swift */,
				951EFA0B216C3966004A8C67 /* LaunchScreen.storyboard */,
				951EFA0E216C3966004A8C67 /* Info.plist */,
				951EFA3B216C3BF9004A8C67 /* Bridging-Header.h */,
			);
			path = Application;
			sourceTree = "<group>";
		};
		951EFA52216C45A3004A8C67 /* Support */ = {
			isa = PBXGroup;
			children = (
				951EFA57216C45D6004A8C67 /* NetworkConnectivity.swift */,
				951EFA87216C4626004A8C67 /* NetworkIndicator.swift */,
				951EFA83216C4621004A8C67 /* ErrorExtension.swift */,
			);
			path = Support;
			sourceTree = "<group>";
		};
		951EFA53216C45B5004A8C67 /* Operation */ = {
			isa = PBXGroup;
			children = (
				951EFA5C216C45DB004A8C67 /* OperationProtocol.swift */,
				951EFA5B216C45DB004A8C67 /* OperationTask.swift */,
			);
			path = Operation;
			sourceTree = "<group>";
		};
		951EFA54216C45BC004A8C67 /* Dispatcher */ = {
			isa = PBXGroup;
			children = (
				951EFA63216C45E1004A8C67 /* DispatcherProtocol.swift */,
				951EFA64216C45E1004A8C67 /* NetworkDispatcher.swift */,
			);
			name = Dispatcher;
			path = "Dípatcher";
			sourceTree = "<group>";
		};
		951EFA55216C45C1004A8C67 /* Enviroment */ = {
			isa = PBXGroup;
			children = (
				951EFA6B216C45E7004A8C67 /* NetworkEnviroment.swift */,
			);
			path = Enviroment;
			sourceTree = "<group>";
		};
		951EFA56216C45C6004A8C67 /* Config */ = {
			isa = PBXGroup;
			children = (
				951EFA70216C45F8004A8C67 /* APIConstants.swift */,
				951EFA71216C45F8004A8C67 /* APIServiceError.swift */,
				951EFA72216C45F9004A8C67 /* APIServiceGeneral.swift */,
				951EFA73216C45F9004A8C67 /* APIServiceRequest.swift */,
				951EFA6F216C45F8004A8C67 /* APIServiceResponse.swift */,
			);
			path = Config;
			sourceTree = "<group>";
		};
		951EFA8C216C4D55004A8C67 /* Requests */ = {
			isa = PBXGroup;
			children = (
				951EFA98216C4DCD004A8C67 /* AuthRequest.swift */,
			);
			path = Requests;
			sourceTree = "<group>";
		};
		951EFA8D216C4D5D004A8C67 /* List */ = {
			isa = PBXGroup;
			children = (
				951EFA93216C4DB5004A8C67 /* Auth */,
			);
			path = List;
			sourceTree = "<group>";
		};
		951EFA8E216C4D96004A8C67 /* Base */ = {
			isa = PBXGroup;
			children = (
				951EFA8F216C4D9D004A8C67 /* BaseAPIResponse.swift */,
			);
			path = Base;
			sourceTree = "<group>";
		};
		951EFA93216C4DB5004A8C67 /* Auth */ = {
			isa = PBXGroup;
			children = (
				951EFA94216C4DBE004A8C67 /* LoginAPI.swift */,
			);
			path = Auth;
			sourceTree = "<group>";
		};
/* End PBXGroup section */

/* Begin PBXNativeTarget section */
		951EF9FE216C3964004A8C67 /* Develop */ = {
			isa = PBXNativeTarget;
			buildConfigurationList = 951EFA11216C3966004A8C67 /* Build configuration list for PBXNativeTarget "Develop" */;
			buildPhases = (
				8FB1FE395F2AEC31894E2EEE /* [CP] Check Pods Manifest.lock */,
				951EF9FB216C3964004A8C67 /* Sources */,
				951EF9FC216C3964004A8C67 /* Frameworks */,
				951EF9FD216C3964004A8C67 /* Resources */,
				E24574E52E9C728850972E01 /* [CP] Embed Pods Frameworks */,
			);
			buildRules = (
			);
			dependencies = (
			);
			name = Develop;
			productName = "iOS Structure MVC";
			productReference = 951EF9FF216C3964004A8C67 /* Develop.app */;
			productType = "com.apple.product-type.application";
		};
		951EFA14216C39AA004A8C67 /* Staging */ = {
			isa = PBXNativeTarget;
			buildConfigurationList = 951EFA1B216C39AA004A8C67 /* Build configuration list for PBXNativeTarget "Staging" */;
			buildPhases = (
				B060FDBF05AA25EEDE576212 /* [CP] Check Pods Manifest.lock */,
				951EFA15216C39AA004A8C67 /* Sources */,
				951EFA17216C39AA004A8C67 /* Frameworks */,
				951EFA18216C39AA004A8C67 /* Resources */,
				E9007695951639DF5F847F6C /* [CP] Embed Pods Frameworks */,
			);
			buildRules = (
			);
			dependencies = (
			);
			name = Staging;
			productName = "iOS Structure MVC";
			productReference = 951EFA1E216C39AA004A8C67 /* Staging.app */;
			productType = "com.apple.product-type.application";
		};
		951EFA20216C39B1004A8C67 /* AppStore */ = {
			isa = PBXNativeTarget;
			buildConfigurationList = 951EFA27216C39B1004A8C67 /* Build configuration list for PBXNativeTarget "AppStore" */;
			buildPhases = (
				727B7708E0E2232B5A3F18AE /* [CP] Check Pods Manifest.lock */,
				951EFA21216C39B1004A8C67 /* Sources */,
				951EFA23216C39B1004A8C67 /* Frameworks */,
				951EFA24216C39B1004A8C67 /* Resources */,
				1DEA63330EDC5AB0607DBC5D /* [CP] Embed Pods Frameworks */,
			);
			buildRules = (
			);
			dependencies = (
			);
			name = AppStore;
			productName = "iOS Structure MVC";
			productReference = 951EFA2A216C39B1004A8C67 /* AppStore.app */;
			productType = "com.apple.product-type.application";
		};
/* End PBXNativeTarget section */

/* Begin PBXProject section */
		951EF9F7216C3964004A8C67 /* Project object */ = {
			isa = PBXProject;
			attributes = {
				LastSwiftUpdateCheck = 1000;
				LastUpgradeCheck = 1000;
				ORGANIZATIONNAME = vinhdd;
				TargetAttributes = {
					951EF9FE216C3964004A8C67 = {
						CreatedOnToolsVersion = 10.0;
						LastSwiftMigration = 1000;
					};
					951EFA14216C39AA004A8C67 = {
						LastSwiftMigration = 1000;
					};
					951EFA20216C39B1004A8C67 = {
						LastSwiftMigration = 1000;
					};
				};
			};
			buildConfigurationList = 951EF9FA216C3964004A8C67 /* Build configuration list for PBXProject "iOS Structure MVC" */;
			compatibilityVersion = "Xcode 9.3";
			developmentRegion = en;
			hasScannedForEncodings = 0;
			knownRegions = (
				en,
				Base,
			);
			mainGroup = 951EF9F6216C3964004A8C67;
			productRefGroup = 951EFA00216C3964004A8C67 /* Products */;
			projectDirPath = "";
			projectRoot = "";
			targets = (
				951EF9FE216C3964004A8C67 /* Develop */,
				951EFA14216C39AA004A8C67 /* Staging */,
				951EFA20216C39B1004A8C67 /* AppStore */,
			);
		};
/* End PBXProject section */

/* Begin PBXResourcesBuildPhase section */
		951EF9FD216C3964004A8C67 /* Resources */ = {
			isa = PBXResourcesBuildPhase;
			buildActionMask = 2147483647;
			files = (
				951EFA0D216C3966004A8C67 /* LaunchScreen.storyboard in Resources */,
				951EFA45216C3C80004A8C67 /* Localizable.strings in Resources */,
				951EFA0A216C3966004A8C67 /* Assets.xcassets in Resources */,
			);
			runOnlyForDeploymentPostprocessing = 0;
		};
		951EFA18216C39AA004A8C67 /* Resources */ = {
			isa = PBXResourcesBuildPhase;
			buildActionMask = 2147483647;
			files = (
				951EFA19216C39AA004A8C67 /* LaunchScreen.storyboard in Resources */,
				951EFA46216C3C80004A8C67 /* Localizable.strings in Resources */,
				951EFA1A216C39AA004A8C67 /* Assets.xcassets in Resources */,
			);
			runOnlyForDeploymentPostprocessing = 0;
		};
		951EFA24216C39B1004A8C67 /* Resources */ = {
			isa = PBXResourcesBuildPhase;
			buildActionMask = 2147483647;
			files = (
				951EFA25216C39B1004A8C67 /* LaunchScreen.storyboard in Resources */,
				951EFA47216C3C80004A8C67 /* Localizable.strings in Resources */,
				951EFA26216C39B1004A8C67 /* Assets.xcassets in Resources */,
			);
			runOnlyForDeploymentPostprocessing = 0;
		};
/* End PBXResourcesBuildPhase section */

/* Begin PBXShellScriptBuildPhase section */
		1DEA63330EDC5AB0607DBC5D /* [CP] Embed Pods Frameworks */ = {
			isa = PBXShellScriptBuildPhase;
			buildActionMask = 2147483647;
			files = (
			);
			inputPaths = (
				"${SRCROOT}/Pods/Target Support Files/Pods-AppStore/Pods-AppStore-frameworks.sh",
				"${BUILT_PRODUCTS_DIR}/Alamofire/Alamofire.framework",
				"${BUILT_PRODUCTS_DIR}/HydraAsync/Hydra.framework",
				"${BUILT_PRODUCTS_DIR}/MBProgressHUD/MBProgressHUD.framework",
				"${BUILT_PRODUCTS_DIR}/SwiftyJSON/SwiftyJSON.framework",
			);
			name = "[CP] Embed Pods Frameworks";
			outputPaths = (
				"${TARGET_BUILD_DIR}/${FRAMEWORKS_FOLDER_PATH}/Alamofire.framework",
				"${TARGET_BUILD_DIR}/${FRAMEWORKS_FOLDER_PATH}/Hydra.framework",
				"${TARGET_BUILD_DIR}/${FRAMEWORKS_FOLDER_PATH}/MBProgressHUD.framework",
				"${TARGET_BUILD_DIR}/${FRAMEWORKS_FOLDER_PATH}/SwiftyJSON.framework",
			);
			runOnlyForDeploymentPostprocessing = 0;
			shellPath = /bin/sh;
			shellScript = "\"${SRCROOT}/Pods/Target Support Files/Pods-AppStore/Pods-AppStore-frameworks.sh\"\n";
			showEnvVarsInLog = 0;
		};
		727B7708E0E2232B5A3F18AE /* [CP] Check Pods Manifest.lock */ = {
			isa = PBXShellScriptBuildPhase;
			buildActionMask = 2147483647;
			files = (
			);
			inputPaths = (
				"${PODS_PODFILE_DIR_PATH}/Podfile.lock",
				"${PODS_ROOT}/Manifest.lock",
			);
			name = "[CP] Check Pods Manifest.lock";
			outputPaths = (
				"$(DERIVED_FILE_DIR)/Pods-AppStore-checkManifestLockResult.txt",
			);
			runOnlyForDeploymentPostprocessing = 0;
			shellPath = /bin/sh;
			shellScript = "diff \"${PODS_PODFILE_DIR_PATH}/Podfile.lock\" \"${PODS_ROOT}/Manifest.lock\" > /dev/null\nif [ $? != 0 ] ; then\n    # print error to STDERR\n    echo \"error: The sandbox is not in sync with the Podfile.lock. Run 'pod install' or update your CocoaPods installation.\" >&2\n    exit 1\nfi\n# This output is used by Xcode 'outputs' to avoid re-running this script phase.\necho \"SUCCESS\" > \"${SCRIPT_OUTPUT_FILE_0}\"\n";
			showEnvVarsInLog = 0;
		};
		8FB1FE395F2AEC31894E2EEE /* [CP] Check Pods Manifest.lock */ = {
			isa = PBXShellScriptBuildPhase;
			buildActionMask = 2147483647;
			files = (
			);
			inputPaths = (
				"${PODS_PODFILE_DIR_PATH}/Podfile.lock",
				"${PODS_ROOT}/Manifest.lock",
			);
			name = "[CP] Check Pods Manifest.lock";
			outputPaths = (
				"$(DERIVED_FILE_DIR)/Pods-Develop-checkManifestLockResult.txt",
			);
			runOnlyForDeploymentPostprocessing = 0;
			shellPath = /bin/sh;
			shellScript = "diff \"${PODS_PODFILE_DIR_PATH}/Podfile.lock\" \"${PODS_ROOT}/Manifest.lock\" > /dev/null\nif [ $? != 0 ] ; then\n    # print error to STDERR\n    echo \"error: The sandbox is not in sync with the Podfile.lock. Run 'pod install' or update your CocoaPods installation.\" >&2\n    exit 1\nfi\n# This output is used by Xcode 'outputs' to avoid re-running this script phase.\necho \"SUCCESS\" > \"${SCRIPT_OUTPUT_FILE_0}\"\n";
			showEnvVarsInLog = 0;
		};
		B060FDBF05AA25EEDE576212 /* [CP] Check Pods Manifest.lock */ = {
			isa = PBXShellScriptBuildPhase;
			buildActionMask = 2147483647;
			files = (
			);
			inputPaths = (
				"${PODS_PODFILE_DIR_PATH}/Podfile.lock",
				"${PODS_ROOT}/Manifest.lock",
			);
			name = "[CP] Check Pods Manifest.lock";
			outputPaths = (
				"$(DERIVED_FILE_DIR)/Pods-Staging-checkManifestLockResult.txt",
			);
			runOnlyForDeploymentPostprocessing = 0;
			shellPath = /bin/sh;
			shellScript = "diff \"${PODS_PODFILE_DIR_PATH}/Podfile.lock\" \"${PODS_ROOT}/Manifest.lock\" > /dev/null\nif [ $? != 0 ] ; then\n    # print error to STDERR\n    echo \"error: The sandbox is not in sync with the Podfile.lock. Run 'pod install' or update your CocoaPods installation.\" >&2\n    exit 1\nfi\n# This output is used by Xcode 'outputs' to avoid re-running this script phase.\necho \"SUCCESS\" > \"${SCRIPT_OUTPUT_FILE_0}\"\n";
			showEnvVarsInLog = 0;
		};
		E24574E52E9C728850972E01 /* [CP] Embed Pods Frameworks */ = {
			isa = PBXShellScriptBuildPhase;
			buildActionMask = 2147483647;
			files = (
			);
			inputPaths = (
				"${SRCROOT}/Pods/Target Support Files/Pods-Develop/Pods-Develop-frameworks.sh",
				"${BUILT_PRODUCTS_DIR}/Alamofire/Alamofire.framework",
				"${BUILT_PRODUCTS_DIR}/HydraAsync/Hydra.framework",
				"${BUILT_PRODUCTS_DIR}/MBProgressHUD/MBProgressHUD.framework",
				"${BUILT_PRODUCTS_DIR}/SwiftyJSON/SwiftyJSON.framework",
			);
			name = "[CP] Embed Pods Frameworks";
			outputPaths = (
				"${TARGET_BUILD_DIR}/${FRAMEWORKS_FOLDER_PATH}/Alamofire.framework",
				"${TARGET_BUILD_DIR}/${FRAMEWORKS_FOLDER_PATH}/Hydra.framework",
				"${TARGET_BUILD_DIR}/${FRAMEWORKS_FOLDER_PATH}/MBProgressHUD.framework",
				"${TARGET_BUILD_DIR}/${FRAMEWORKS_FOLDER_PATH}/SwiftyJSON.framework",
			);
			runOnlyForDeploymentPostprocessing = 0;
			shellPath = /bin/sh;
			shellScript = "\"${SRCROOT}/Pods/Target Support Files/Pods-Develop/Pods-Develop-frameworks.sh\"\n";
			showEnvVarsInLog = 0;
		};
		E9007695951639DF5F847F6C /* [CP] Embed Pods Frameworks */ = {
			isa = PBXShellScriptBuildPhase;
			buildActionMask = 2147483647;
			files = (
			);
			inputPaths = (
				"${SRCROOT}/Pods/Target Support Files/Pods-Staging/Pods-Staging-frameworks.sh",
				"${BUILT_PRODUCTS_DIR}/Alamofire/Alamofire.framework",
				"${BUILT_PRODUCTS_DIR}/HydraAsync/Hydra.framework",
				"${BUILT_PRODUCTS_DIR}/MBProgressHUD/MBProgressHUD.framework",
				"${BUILT_PRODUCTS_DIR}/SwiftyJSON/SwiftyJSON.framework",
			);
			name = "[CP] Embed Pods Frameworks";
			outputPaths = (
				"${TARGET_BUILD_DIR}/${FRAMEWORKS_FOLDER_PATH}/Alamofire.framework",
				"${TARGET_BUILD_DIR}/${FRAMEWORKS_FOLDER_PATH}/Hydra.framework",
				"${TARGET_BUILD_DIR}/${FRAMEWORKS_FOLDER_PATH}/MBProgressHUD.framework",
				"${TARGET_BUILD_DIR}/${FRAMEWORKS_FOLDER_PATH}/SwiftyJSON.framework",
			);
			runOnlyForDeploymentPostprocessing = 0;
			shellPath = /bin/sh;
			shellScript = "\"${SRCROOT}/Pods/Target Support Files/Pods-Staging/Pods-Staging-frameworks.sh\"\n";
			showEnvVarsInLog = 0;
		};
/* End PBXShellScriptBuildPhase section */

/* Begin PBXSourcesBuildPhase section */
		951EF9FB216C3964004A8C67 /* Sources */ = {
			isa = PBXSourcesBuildPhase;
			buildActionMask = 2147483647;
			files = (
				951EFA65216C45E1004A8C67 /* DispatcherProtocol.swift in Sources */,
				951EFA84216C4622004A8C67 /* ErrorExtension.swift in Sources */,
				951EFA7A216C45F9004A8C67 /* APIServiceError.swift in Sources */,
				951EFA90216C4D9D004A8C67 /* BaseAPIResponse.swift in Sources */,
				951EFA95216C4DBE004A8C67 /* LoginAPI.swift in Sources */,
				951EFA77216C45F9004A8C67 /* APIConstants.swift in Sources */,
				951EFA4F216C4583004A8C67 /* Sounds.swift in Sources */,
				951EFA58216C45D6004A8C67 /* NetworkConnectivity.swift in Sources */,
				951EFA74216C45F9004A8C67 /* APIServiceResponse.swift in Sources */,
				951EFA6C216C45E7004A8C67 /* NetworkEnviroment.swift in Sources */,
				951EFA7D216C45F9004A8C67 /* APIServiceGeneral.swift in Sources */,
				951EFA68216C45E1004A8C67 /* NetworkDispatcher.swift in Sources */,
				951EFA4B216C4564004A8C67 /* Font.swift in Sources */,
				951EFA80216C45F9004A8C67 /* APIServiceRequest.swift in Sources */,
				951EFA60216C45DB004A8C67 /* OperationProtocol.swift in Sources */,
				951EFA03216C3964004A8C67 /* AppDelegate.swift in Sources */,
				951EFA99216C4DCD004A8C67 /* AuthRequest.swift in Sources */,
				951EFA5D216C45DB004A8C67 /* OperationTask.swift in Sources */,
				951EFA88216C4627004A8C67 /* NetworkIndicator.swift in Sources */,
			);
			runOnlyForDeploymentPostprocessing = 0;
		};
		951EFA15216C39AA004A8C67 /* Sources */ = {
			isa = PBXSourcesBuildPhase;
			buildActionMask = 2147483647;
			files = (
				951EFA66216C45E1004A8C67 /* DispatcherProtocol.swift in Sources */,
				951EFA85216C4622004A8C67 /* ErrorExtension.swift in Sources */,
				951EFA7B216C45F9004A8C67 /* APIServiceError.swift in Sources */,
				951EFA91216C4D9D004A8C67 /* BaseAPIResponse.swift in Sources */,
				951EFA96216C4DBE004A8C67 /* LoginAPI.swift in Sources */,
				951EFA78216C45F9004A8C67 /* APIConstants.swift in Sources */,
				951EFA50216C4583004A8C67 /* Sounds.swift in Sources */,
				951EFA59216C45D6004A8C67 /* NetworkConnectivity.swift in Sources */,
				951EFA75216C45F9004A8C67 /* APIServiceResponse.swift in Sources */,
				951EFA6D216C45E7004A8C67 /* NetworkEnviroment.swift in Sources */,
				951EFA7E216C45F9004A8C67 /* APIServiceGeneral.swift in Sources */,
				951EFA69216C45E1004A8C67 /* NetworkDispatcher.swift in Sources */,
				951EFA4C216C4564004A8C67 /* Font.swift in Sources */,
				951EFA81216C45F9004A8C67 /* APIServiceRequest.swift in Sources */,
				951EFA61216C45DB004A8C67 /* OperationProtocol.swift in Sources */,
				951EFA16216C39AA004A8C67 /* AppDelegate.swift in Sources */,
				951EFA9A216C4DCD004A8C67 /* AuthRequest.swift in Sources */,
				951EFA5E216C45DB004A8C67 /* OperationTask.swift in Sources */,
				951EFA89216C4627004A8C67 /* NetworkIndicator.swift in Sources */,
			);
			runOnlyForDeploymentPostprocessing = 0;
		};
		951EFA21216C39B1004A8C67 /* Sources */ = {
			isa = PBXSourcesBuildPhase;
			buildActionMask = 2147483647;
			files = (
				951EFA67216C45E1004A8C67 /* DispatcherProtocol.swift in Sources */,
				951EFA86216C4622004A8C67 /* ErrorExtension.swift in Sources */,
				951EFA7C216C45F9004A8C67 /* APIServiceError.swift in Sources */,
				951EFA92216C4D9D004A8C67 /* BaseAPIResponse.swift in Sources */,
				951EFA97216C4DBE004A8C67 /* LoginAPI.swift in Sources */,
				951EFA79216C45F9004A8C67 /* APIConstants.swift in Sources */,
				951EFA51216C4583004A8C67 /* Sounds.swift in Sources */,
				951EFA5A216C45D6004A8C67 /* NetworkConnectivity.swift in Sources */,
				951EFA76216C45F9004A8C67 /* APIServiceResponse.swift in Sources */,
				951EFA6E216C45E7004A8C67 /* NetworkEnviroment.swift in Sources */,
				951EFA7F216C45F9004A8C67 /* APIServiceGeneral.swift in Sources */,
				951EFA6A216C45E1004A8C67 /* NetworkDispatcher.swift in Sources */,
				951EFA4D216C4564004A8C67 /* Font.swift in Sources */,
				951EFA82216C45F9004A8C67 /* APIServiceRequest.swift in Sources */,
				951EFA62216C45DB004A8C67 /* OperationProtocol.swift in Sources */,
				951EFA22216C39B1004A8C67 /* AppDelegate.swift in Sources */,
				951EFA9B216C4DCD004A8C67 /* AuthRequest.swift in Sources */,
				951EFA5F216C45DB004A8C67 /* OperationTask.swift in Sources */,
				951EFA8A216C4627004A8C67 /* NetworkIndicator.swift in Sources */,
			);
			runOnlyForDeploymentPostprocessing = 0;
		};
/* End PBXSourcesBuildPhase section */

/* Begin PBXVariantGroup section */
		951EFA0B216C3966004A8C67 /* LaunchScreen.storyboard */ = {
			isa = PBXVariantGroup;
			children = (
				951EFA0C216C3966004A8C67 /* Base */,
			);
			name = LaunchScreen.storyboard;
			sourceTree = "<group>";
		};
		951EFA49216C3C80004A8C67 /* Localizable.strings */ = {
			isa = PBXVariantGroup;
			children = (
				951EFA48216C3C80004A8C67 /* en */,
			);
			name = Localizable.strings;
			sourceTree = "<group>";
		};
/* End PBXVariantGroup section */

/* Begin XCBuildConfiguration section */
		951EFA0F216C3966004A8C67 /* Debug */ = {
			isa = XCBuildConfiguration;
			buildSettings = {
				ALWAYS_SEARCH_USER_PATHS = NO;
				CLANG_ANALYZER_NONNULL = YES;
				CLANG_ANALYZER_NUMBER_OBJECT_CONVERSION = YES_AGGRESSIVE;
				CLANG_CXX_LANGUAGE_STANDARD = "gnu++14";
				CLANG_CXX_LIBRARY = "libc++";
				CLANG_ENABLE_MODULES = YES;
				CLANG_ENABLE_OBJC_ARC = YES;
				CLANG_ENABLE_OBJC_WEAK = YES;
				CLANG_WARN_BLOCK_CAPTURE_AUTORELEASING = YES;
				CLANG_WARN_BOOL_CONVERSION = YES;
				CLANG_WARN_COMMA = YES;
				CLANG_WARN_CONSTANT_CONVERSION = YES;
				CLANG_WARN_DEPRECATED_OBJC_IMPLEMENTATIONS = YES;
				CLANG_WARN_DIRECT_OBJC_ISA_USAGE = YES_ERROR;
				CLANG_WARN_DOCUMENTATION_COMMENTS = YES;
				CLANG_WARN_EMPTY_BODY = YES;
				CLANG_WARN_ENUM_CONVERSION = YES;
				CLANG_WARN_INFINITE_RECURSION = YES;
				CLANG_WARN_INT_CONVERSION = YES;
				CLANG_WARN_NON_LITERAL_NULL_CONVERSION = YES;
				CLANG_WARN_OBJC_IMPLICIT_RETAIN_SELF = YES;
				CLANG_WARN_OBJC_LITERAL_CONVERSION = YES;
				CLANG_WARN_OBJC_ROOT_CLASS = YES_ERROR;
				CLANG_WARN_RANGE_LOOP_ANALYSIS = YES;
				CLANG_WARN_STRICT_PROTOTYPES = YES;
				CLANG_WARN_SUSPICIOUS_MOVE = YES;
				CLANG_WARN_UNGUARDED_AVAILABILITY = YES_AGGRESSIVE;
				CLANG_WARN_UNREACHABLE_CODE = YES;
				CLANG_WARN__DUPLICATE_METHOD_MATCH = YES;
				CODE_SIGN_IDENTITY = "iPhone Developer";
				COPY_PHASE_STRIP = NO;
				DEBUG_INFORMATION_FORMAT = dwarf;
				ENABLE_STRICT_OBJC_MSGSEND = YES;
				ENABLE_TESTABILITY = YES;
				GCC_C_LANGUAGE_STANDARD = gnu11;
				GCC_DYNAMIC_NO_PIC = NO;
				GCC_NO_COMMON_BLOCKS = YES;
				GCC_OPTIMIZATION_LEVEL = 0;
				GCC_PREPROCESSOR_DEFINITIONS = (
					"DEBUG=1",
					"$(inherited)",
				);
				GCC_WARN_64_TO_32_BIT_CONVERSION = YES;
				GCC_WARN_ABOUT_RETURN_TYPE = YES_ERROR;
				GCC_WARN_UNDECLARED_SELECTOR = YES;
				GCC_WARN_UNINITIALIZED_AUTOS = YES_AGGRESSIVE;
				GCC_WARN_UNUSED_FUNCTION = YES;
				GCC_WARN_UNUSED_VARIABLE = YES;
				IPHONEOS_DEPLOYMENT_TARGET = 12.0;
				MTL_ENABLE_DEBUG_INFO = INCLUDE_SOURCE;
				MTL_FAST_MATH = YES;
				ONLY_ACTIVE_ARCH = YES;
				SDKROOT = iphoneos;
				SWIFT_ACTIVE_COMPILATION_CONDITIONS = DEBUG;
				SWIFT_OPTIMIZATION_LEVEL = "-Onone";
			};
			name = Debug;
		};
		951EFA10216C3966004A8C67 /* Release */ = {
			isa = XCBuildConfiguration;
			buildSettings = {
				ALWAYS_SEARCH_USER_PATHS = NO;
				CLANG_ANALYZER_NONNULL = YES;
				CLANG_ANALYZER_NUMBER_OBJECT_CONVERSION = YES_AGGRESSIVE;
				CLANG_CXX_LANGUAGE_STANDARD = "gnu++14";
				CLANG_CXX_LIBRARY = "libc++";
				CLANG_ENABLE_MODULES = YES;
				CLANG_ENABLE_OBJC_ARC = YES;
				CLANG_ENABLE_OBJC_WEAK = YES;
				CLANG_WARN_BLOCK_CAPTURE_AUTORELEASING = YES;
				CLANG_WARN_BOOL_CONVERSION = YES;
				CLANG_WARN_COMMA = YES;
				CLANG_WARN_CONSTANT_CONVERSION = YES;
				CLANG_WARN_DEPRECATED_OBJC_IMPLEMENTATIONS = YES;
				CLANG_WARN_DIRECT_OBJC_ISA_USAGE = YES_ERROR;
				CLANG_WARN_DOCUMENTATION_COMMENTS = YES;
				CLANG_WARN_EMPTY_BODY = YES;
				CLANG_WARN_ENUM_CONVERSION = YES;
				CLANG_WARN_INFINITE_RECURSION = YES;
				CLANG_WARN_INT_CONVERSION = YES;
				CLANG_WARN_NON_LITERAL_NULL_CONVERSION = YES;
				CLANG_WARN_OBJC_IMPLICIT_RETAIN_SELF = YES;
				CLANG_WARN_OBJC_LITERAL_CONVERSION = YES;
				CLANG_WARN_OBJC_ROOT_CLASS = YES_ERROR;
				CLANG_WARN_RANGE_LOOP_ANALYSIS = YES;
				CLANG_WARN_STRICT_PROTOTYPES = YES;
				CLANG_WARN_SUSPICIOUS_MOVE = YES;
				CLANG_WARN_UNGUARDED_AVAILABILITY = YES_AGGRESSIVE;
				CLANG_WARN_UNREACHABLE_CODE = YES;
				CLANG_WARN__DUPLICATE_METHOD_MATCH = YES;
				CODE_SIGN_IDENTITY = "iPhone Developer";
				COPY_PHASE_STRIP = NO;
				DEBUG_INFORMATION_FORMAT = "dwarf-with-dsym";
				ENABLE_NS_ASSERTIONS = NO;
				ENABLE_STRICT_OBJC_MSGSEND = YES;
				GCC_C_LANGUAGE_STANDARD = gnu11;
				GCC_NO_COMMON_BLOCKS = YES;
				GCC_WARN_64_TO_32_BIT_CONVERSION = YES;
				GCC_WARN_ABOUT_RETURN_TYPE = YES_ERROR;
				GCC_WARN_UNDECLARED_SELECTOR = YES;
				GCC_WARN_UNINITIALIZED_AUTOS = YES_AGGRESSIVE;
				GCC_WARN_UNUSED_FUNCTION = YES;
				GCC_WARN_UNUSED_VARIABLE = YES;
				IPHONEOS_DEPLOYMENT_TARGET = 12.0;
				MTL_ENABLE_DEBUG_INFO = NO;
				MTL_FAST_MATH = YES;
				SDKROOT = iphoneos;
				SWIFT_COMPILATION_MODE = wholemodule;
				SWIFT_OPTIMIZATION_LEVEL = "-O";
				VALIDATE_PRODUCT = YES;
			};
			name = Release;
		};
		951EFA12216C3966004A8C67 /* Debug */ = {
			isa = XCBuildConfiguration;
			baseConfigurationReference = EF03BF3918394084C759A0D6 /* Pods-Develop.debug.xcconfig */;
			buildSettings = {
				ASSETCATALOG_COMPILER_APPICON_NAME = AppIcon;
				CLANG_ENABLE_MODULES = YES;
				CODE_SIGN_STYLE = Manual;
				DEVELOPMENT_TEAM = VM7X7PQ3TE;
				INFOPLIST_FILE = "$(SRCROOT)/iOS Structure MVC/Application/Info.plist";
				IPHONEOS_DEPLOYMENT_TARGET = 9.0;
				LD_RUNPATH_SEARCH_PATHS = (
					"$(inherited)",
					"@executable_path/Frameworks",
				);
				PRODUCT_BUNDLE_IDENTIFIER = "com.rikkeisoft.iOS-Structure-MVC";
				PRODUCT_NAME = "$(TARGET_NAME)";
				PROVISIONING_PROFILE_SPECIFIER = RikkeiSoft_iOS_Development;
				SWIFT_ACTIVE_COMPILATION_CONDITIONS = DEVELOP;
				SWIFT_OBJC_BRIDGING_HEADER = "iOS Structure MVC/Application/Bridging-Header.h";
				SWIFT_OPTIMIZATION_LEVEL = "-Onone";
				SWIFT_VERSION = 4.2;
				TARGETED_DEVICE_FAMILY = "1,2";
			};
			name = Debug;
		};
		951EFA13216C3966004A8C67 /* Release */ = {
			isa = XCBuildConfiguration;
			baseConfigurationReference = 901CB5885F970C5339DEC2C1 /* Pods-Develop.release.xcconfig */;
			buildSettings = {
				ASSETCATALOG_COMPILER_APPICON_NAME = AppIcon;
				CLANG_ENABLE_MODULES = YES;
				CODE_SIGN_STYLE = Manual;
				DEVELOPMENT_TEAM = VM7X7PQ3TE;
				INFOPLIST_FILE = "$(SRCROOT)/iOS Structure MVC/Application/Info.plist";
				IPHONEOS_DEPLOYMENT_TARGET = 9.0;
				LD_RUNPATH_SEARCH_PATHS = (
					"$(inherited)",
					"@executable_path/Frameworks",
				);
				PRODUCT_BUNDLE_IDENTIFIER = "com.rikkeisoft.iOS-Structure-MVC";
				PRODUCT_NAME = "$(TARGET_NAME)";
				PROVISIONING_PROFILE_SPECIFIER = RikkeiSoft_iOS_Development;
				SWIFT_ACTIVE_COMPILATION_CONDITIONS = APPSTORE;
				SWIFT_OBJC_BRIDGING_HEADER = "iOS Structure MVC/Application/Bridging-Header.h";
				SWIFT_VERSION = 4.2;
				TARGETED_DEVICE_FAMILY = "1,2";
			};
			name = Release;
		};
		951EFA1C216C39AA004A8C67 /* Debug */ = {
			isa = XCBuildConfiguration;
			baseConfigurationReference = 92BD6EFB5B4E811B851BF97A /* Pods-Staging.debug.xcconfig */;
			buildSettings = {
				ASSETCATALOG_COMPILER_APPICON_NAME = AppIcon;
				CLANG_ENABLE_MODULES = YES;
				CODE_SIGN_STYLE = Manual;
				DEVELOPMENT_TEAM = VM7X7PQ3TE;
				INFOPLIST_FILE = "$(SRCROOT)/iOS Structure MVC/Application/Info.plist";
				IPHONEOS_DEPLOYMENT_TARGET = 8.0;
				LD_RUNPATH_SEARCH_PATHS = (
					"$(inherited)",
					"@executable_path/Frameworks",
				);
				PRODUCT_BUNDLE_IDENTIFIER = "com.rikkeisoft.iOS-Structure-MVC";
				PRODUCT_NAME = "$(TARGET_NAME)";
				PROVISIONING_PROFILE_SPECIFIER = RikkeiSoft_iOS_Development;
				SWIFT_ACTIVE_COMPILATION_CONDITIONS = STAGING;
				SWIFT_OBJC_BRIDGING_HEADER = "iOS Structure MVC/Application/Bridging-Header.h";
				SWIFT_OPTIMIZATION_LEVEL = "-Onone";
				SWIFT_VERSION = 4.2;
				TARGETED_DEVICE_FAMILY = "1,2";
			};
			name = Debug;
		};
		951EFA1D216C39AA004A8C67 /* Release */ = {
			isa = XCBuildConfiguration;
			baseConfigurationReference = C58CD037A5D7DA141F3522F1 /* Pods-Staging.release.xcconfig */;
			buildSettings = {
				ASSETCATALOG_COMPILER_APPICON_NAME = AppIcon;
				CLANG_ENABLE_MODULES = YES;
				CODE_SIGN_STYLE = Manual;
				DEVELOPMENT_TEAM = VM7X7PQ3TE;
				INFOPLIST_FILE = "$(SRCROOT)/iOS Structure MVC/Application/Info.plist";
				IPHONEOS_DEPLOYMENT_TARGET = 8.0;
				LD_RUNPATH_SEARCH_PATHS = (
					"$(inherited)",
					"@executable_path/Frameworks",
				);
				PRODUCT_BUNDLE_IDENTIFIER = "com.rikkeisoft.iOS-Structure-MVC";
				PRODUCT_NAME = "$(TARGET_NAME)";
				PROVISIONING_PROFILE_SPECIFIER = RikkeiSoft_iOS_Development;
				SWIFT_ACTIVE_COMPILATION_CONDITIONS = APPSTORE;
				SWIFT_OBJC_BRIDGING_HEADER = "iOS Structure MVC/Application/Bridging-Header.h";
				SWIFT_VERSION = 4.2;
				TARGETED_DEVICE_FAMILY = "1,2";
			};
			name = Release;
		};
		951EFA28216C39B1004A8C67 /* Debug */ = {
			isa = XCBuildConfiguration;
			baseConfigurationReference = 79588686E7875D127238EE7E /* Pods-AppStore.debug.xcconfig */;
			buildSettings = {
				ASSETCATALOG_COMPILER_APPICON_NAME = AppIcon;
				CLANG_ENABLE_MODULES = YES;
				CODE_SIGN_STYLE = Manual;
				DEVELOPMENT_TEAM = VM7X7PQ3TE;
				INFOPLIST_FILE = "$(SRCROOT)/iOS Structure MVC/Application/Info.plist";
				IPHONEOS_DEPLOYMENT_TARGET = 8.0;
				LD_RUNPATH_SEARCH_PATHS = (
					"$(inherited)",
					"@executable_path/Frameworks",
				);
				PRODUCT_BUNDLE_IDENTIFIER = "com.rikkeisoft.iOS-Structure-MVC";
				PRODUCT_NAME = "$(TARGET_NAME)";
				PROVISIONING_PROFILE_SPECIFIER = RikkeiSoft_iOS_Development;
				SWIFT_ACTIVE_COMPILATION_CONDITIONS = APPSTORE;
				SWIFT_OBJC_BRIDGING_HEADER = "iOS Structure MVC/Application/Bridging-Header.h";
				SWIFT_OPTIMIZATION_LEVEL = "-Onone";
				SWIFT_VERSION = 4.2;
				TARGETED_DEVICE_FAMILY = "1,2";
			};
			name = Debug;
		};
		951EFA29216C39B1004A8C67 /* Release */ = {
			isa = XCBuildConfiguration;
			baseConfigurationReference = 8DE8DA6B52F0B79AF0F019D4 /* Pods-AppStore.release.xcconfig */;
			buildSettings = {
				ASSETCATALOG_COMPILER_APPICON_NAME = AppIcon;
				CLANG_ENABLE_MODULES = YES;
				CODE_SIGN_STYLE = Manual;
				DEVELOPMENT_TEAM = VM7X7PQ3TE;
				INFOPLIST_FILE = "$(SRCROOT)/iOS Structure MVC/Application/Info.plist";
				IPHONEOS_DEPLOYMENT_TARGET = 8.0;
				LD_RUNPATH_SEARCH_PATHS = (
					"$(inherited)",
					"@executable_path/Frameworks",
				);
				PRODUCT_BUNDLE_IDENTIFIER = "com.rikkeisoft.iOS-Structure-MVC";
				PRODUCT_NAME = "$(TARGET_NAME)";
				PROVISIONING_PROFILE_SPECIFIER = RikkeiSoft_iOS_Development;
				SWIFT_ACTIVE_COMPILATION_CONDITIONS = APPSTORE;
				SWIFT_OBJC_BRIDGING_HEADER = "iOS Structure MVC/Application/Bridging-Header.h";
				SWIFT_VERSION = 4.2;
				TARGETED_DEVICE_FAMILY = "1,2";
			};
			name = Release;
		};
/* End XCBuildConfiguration section */

/* Begin XCConfigurationList section */
		951EF9FA216C3964004A8C67 /* Build configuration list for PBXProject "iOS Structure MVC" */ = {
			isa = XCConfigurationList;
			buildConfigurations = (
				951EFA0F216C3966004A8C67 /* Debug */,
				951EFA10216C3966004A8C67 /* Release */,
			);
			defaultConfigurationIsVisible = 0;
			defaultConfigurationName = Release;
		};
		951EFA11216C3966004A8C67 /* Build configuration list for PBXNativeTarget "Develop" */ = {
			isa = XCConfigurationList;
			buildConfigurations = (
				951EFA12216C3966004A8C67 /* Debug */,
				951EFA13216C3966004A8C67 /* Release */,
			);
			defaultConfigurationIsVisible = 0;
			defaultConfigurationName = Release;
		};
		951EFA1B216C39AA004A8C67 /* Build configuration list for PBXNativeTarget "Staging" */ = {
			isa = XCConfigurationList;
			buildConfigurations = (
				951EFA1C216C39AA004A8C67 /* Debug */,
				951EFA1D216C39AA004A8C67 /* Release */,
			);
			defaultConfigurationIsVisible = 0;
			defaultConfigurationName = Release;
		};
		951EFA27216C39B1004A8C67 /* Build configuration list for PBXNativeTarget "AppStore" */ = {
			isa = XCConfigurationList;
			buildConfigurations = (
				951EFA28216C39B1004A8C67 /* Debug */,
				951EFA29216C39B1004A8C67 /* Release */,
			);
			defaultConfigurationIsVisible = 0;
			defaultConfigurationName = Release;
		};
/* End XCConfigurationList section */
	};
	rootObject = 951EF9F7216C3964004A8C67 /* Project object */;
}
